
Microsoft Visual Studio Solution File, Format Version 12.00
# Visual Studio Version 17
VisualStudioVersion = 17.13.35818.85
MinimumVisualStudioVersion = 10.0.40219.1
Project("{FAE04EC0-301F-11D3-BF4B-00C04F79EFBC}") = "Demo 02", "Demo 02\Demo 02.csproj", "{C51C42D1-ABB2-4846-8A35-AE748D75F88D}"
EndProject
Project("{FAE04EC0-301F-11D3-BF4B-00C04F79EFBC}") = "Solve_Task", "Solve_Task\Solve_Task.csproj", "{E5A6A849-1749-4C1B-8546-0987519B6152}"
EndProject
Global
	GlobalSection(SolutionConfigurationPlatforms) = preSolution
		Debug|Any CPU = Debug|Any CPU
		Release|Any CPU = Release|Any CPU
	EndGlobalSection
	GlobalSection(ProjectConfigurationPlatforms) = postSolution
		{C51C42D1-ABB2-4846-8A35-AE748D75F88D}.Debug|Any CPU.ActiveCfg = Debug|Any CPU
		{C51C42D1-ABB2-4846-8A35-AE748D75F88D}.Debug|Any CPU.Build.0 = Debug|Any CPU
		{C51C42D1-ABB2-4846-8A35-AE748D75F88D}.Release|Any CPU.ActiveCfg = Release|Any CPU
		{C51C42D1-ABB2-4846-8A35-AE748D75F88D}.Release|Any CPU.Build.0 = Release|Any CPU
		{E5A6A849-1749-4C1B-8546-0987519B6152}.Debug|Any CPU.ActiveCfg = Debug|Any CPU
		{E5A6A849-1749-4C1B-8546-0987519B6152}.Debug|Any CPU.Build.0 = Debug|Any CPU
		{E5A6A849-1749-4C1B-8546-0987519B6152}.Release|Any CPU.ActiveCfg = Release|Any CPU
		{E5A6A849-1749-4C1B-8546-0987519B6152}.Release|Any CPU.Build.0 = Release|Any CPU
	EndGlobalSection
	GlobalSection(SolutionProperties) = preSolution
		HideSolutionNode = FALSE
	EndGlobalSection
	GlobalSection(ExtensibilityGlobals) = postSolution
		SolutionGuid = {F18CE0D9-423E-4C09-9458-61B7FC29F910}
	EndGlobalSection
EndGlobal
