
Microsoft Visual Studio Solution File, Format Version 12.00
# Visual Studio Version 17
VisualStudioVersion = 17.13.35818.85
MinimumVisualStudioVersion = 10.0.40219.1
Project("{FAE04EC0-301F-11D3-BF4B-00C04F79EFBC}") = "Demo03", "Demo03\Demo03.csproj", "{927A8136-D3EA-4ECB-A072-39A26E1C3774}"
EndProject
Project("{FAE04EC0-301F-11D3-BF4B-00C04F79EFBC}") = "Solve Task", "Solve Task\Solve Task.csproj", "{B2B8D6EA-1783-4649-9C3C-95F4E3A0E2A9}"
EndProject
Global
	GlobalSection(SolutionConfigurationPlatforms) = preSolution
		Debug|Any CPU = Debug|Any CPU
		Release|Any CPU = Release|Any CPU
	EndGlobalSection
	GlobalSection(ProjectConfigurationPlatforms) = postSolution
		{927A8136-D3EA-4ECB-A072-39A26E1C3774}.Debug|Any CPU.ActiveCfg = Debug|Any CPU
		{927A8136-D3EA-4ECB-A072-39A26E1C3774}.Debug|Any CPU.Build.0 = Debug|Any CPU
		{927A8136-D3EA-4ECB-A072-39A26E1C3774}.Release|Any CPU.ActiveCfg = Release|Any CPU
		{927A8136-D3EA-4ECB-A072-39A26E1C3774}.Release|Any CPU.Build.0 = Release|Any CPU
		{B2B8D6EA-1783-4649-9C3C-95F4E3A0E2A9}.Debug|Any CPU.ActiveCfg = Debug|Any CPU
		{B2B8D6EA-1783-4649-9C3C-95F4E3A0E2A9}.Debug|Any CPU.Build.0 = Debug|Any CPU
		{B2B8D6EA-1783-4649-9C3C-95F4E3A0E2A9}.Release|Any CPU.ActiveCfg = Release|Any CPU
		{B2B8D6EA-1783-4649-9C3C-95F4E3A0E2A9}.Release|Any CPU.Build.0 = Release|Any CPU
	EndGlobalSection
	GlobalSection(SolutionProperties) = preSolution
		HideSolutionNode = FALSE
	EndGlobalSection
	GlobalSection(ExtensibilityGlobals) = postSolution
		SolutionGuid = {C8DB33EF-2D03-44FF-A9E1-CE767238324B}
	EndGlobalSection
EndGlobal
