
Microsoft Visual Studio Solution File, Format Version 12.00
# Visual Studio Version 17
VisualStudioVersion = 17.13.35818.85
MinimumVisualStudioVersion = 10.0.40219.1
Project("{FAE04EC0-301F-11D3-BF4B-00C04F79EFBC}") = "Demo 02", "Demo 02\Demo 02.csproj", "{FEF87264-582E-46E7-88FB-8996BDA3A8BA}"
EndProject
Project("{FAE04EC0-301F-11D3-BF4B-00C04F79EFBC}") = "Data 01", "Data 01\Data 01.csproj", "{DE1D624B-579D-41E1-A9A3-B39BBF2CB3B4}"
EndProject
Project("{FAE04EC0-301F-11D3-BF4B-00C04F79EFBC}") = "Solve _Task", "Solve _Task\Solve _Task.csproj", "{F1F9E2E3-F89F-4788-B82B-F0EF92BE83B2}"
EndProject
Global
	GlobalSection(SolutionConfigurationPlatforms) = preSolution
		Debug|Any CPU = Debug|Any CPU
		Release|Any CPU = Release|Any CPU
	EndGlobalSection
	GlobalSection(ProjectConfigurationPlatforms) = postSolution
		{FEF87264-582E-46E7-88FB-8996BDA3A8BA}.Debug|Any CPU.ActiveCfg = Debug|Any CPU
		{FEF87264-582E-46E7-88FB-8996BDA3A8BA}.Debug|Any CPU.Build.0 = Debug|Any CPU
		{FEF87264-582E-46E7-88FB-8996BDA3A8BA}.Release|Any CPU.ActiveCfg = Release|Any CPU
		{FEF87264-582E-46E7-88FB-8996BDA3A8BA}.Release|Any CPU.Build.0 = Release|Any CPU
		{DE1D624B-579D-41E1-A9A3-B39BBF2CB3B4}.Debug|Any CPU.ActiveCfg = Debug|Any CPU
		{DE1D624B-579D-41E1-A9A3-B39BBF2CB3B4}.Debug|Any CPU.Build.0 = Debug|Any CPU
		{DE1D624B-579D-41E1-A9A3-B39BBF2CB3B4}.Release|Any CPU.ActiveCfg = Release|Any CPU
		{DE1D624B-579D-41E1-A9A3-B39BBF2CB3B4}.Release|Any CPU.Build.0 = Release|Any CPU
		{F1F9E2E3-F89F-4788-B82B-F0EF92BE83B2}.Debug|Any CPU.ActiveCfg = Debug|Any CPU
		{F1F9E2E3-F89F-4788-B82B-F0EF92BE83B2}.Debug|Any CPU.Build.0 = Debug|Any CPU
		{F1F9E2E3-F89F-4788-B82B-F0EF92BE83B2}.Release|Any CPU.ActiveCfg = Release|Any CPU
		{F1F9E2E3-F89F-4788-B82B-F0EF92BE83B2}.Release|Any CPU.Build.0 = Release|Any CPU
	EndGlobalSection
	GlobalSection(SolutionProperties) = preSolution
		HideSolutionNode = FALSE
	EndGlobalSection
	GlobalSection(ExtensibilityGlobals) = postSolution
		SolutionGuid = {3B978AAC-8815-415F-B8CF-9493C4D31124}
	EndGlobalSection
EndGlobal
