
Microsoft Visual Studio Solution File, Format Version 12.00
# Visual Studio Version 17
VisualStudioVersion = 17.13.35818.85
MinimumVisualStudioVersion = 10.0.40219.1
Project("{FAE04EC0-301F-11D3-BF4B-00C04F79EFBC}") = "Demo 01", "Demo 01\Demo 01.csproj", "{31D4984B-10D6-4301-93EE-CA89D4C2E699}"
EndProject
Project("{FAE04EC0-301F-11D3-BF4B-00C04F79EFBC}") = "ClassLibrary 01", "ClassLibrary 01\ClassLibrary 01.csproj", "{91B307C7-7D72-4CF6-A80A-31A25563F458}"
EndProject
Global
	GlobalSection(SolutionConfigurationPlatforms) = preSolution
		Debug|Any CPU = Debug|Any CPU
		Release|Any CPU = Release|Any CPU
	EndGlobalSection
	GlobalSection(ProjectConfigurationPlatforms) = postSolution
		{31D4984B-10D6-4301-93EE-CA89D4C2E699}.Debug|Any CPU.ActiveCfg = Debug|Any CPU
		{31D4984B-10D6-4301-93EE-CA89D4C2E699}.Debug|Any CPU.Build.0 = Debug|Any CPU
		{31D4984B-10D6-4301-93EE-CA89D4C2E699}.Release|Any CPU.ActiveCfg = Release|Any CPU
		{31D4984B-10D6-4301-93EE-CA89D4C2E699}.Release|Any CPU.Build.0 = Release|Any CPU
		{91B307C7-7D72-4CF6-A80A-31A25563F458}.Debug|Any CPU.ActiveCfg = Debug|Any CPU
		{91B307C7-7D72-4CF6-A80A-31A25563F458}.Debug|Any CPU.Build.0 = Debug|Any CPU
		{91B307C7-7D72-4CF6-A80A-31A25563F458}.Release|Any CPU.ActiveCfg = Release|Any CPU
		{91B307C7-7D72-4CF6-A80A-31A25563F458}.Release|Any CPU.Build.0 = Release|Any CPU
	EndGlobalSection
	GlobalSection(SolutionProperties) = preSolution
		HideSolutionNode = FALSE
	EndGlobalSection
	GlobalSection(ExtensibilityGlobals) = postSolution
		SolutionGuid = {FC16F001-63D6-4C3D-B1B3-87FC6A804DE2}
	EndGlobalSection
EndGlobal
