
Microsoft Visual Studio Solution File, Format Version 12.00
# Visual Studio Version 17
VisualStudioVersion = 17.13.35818.85
MinimumVisualStudioVersion = 10.0.40219.1
Project("{FAE04EC0-301F-11D3-BF4B-00C04F79EFBC}") = "Demo 01", "Demo 01\Demo 01.csproj", "{6251E049-3EF6-4EE4-B6D6-2A0A451482A3}"
EndProject
Project("{FAE04EC0-301F-11D3-BF4B-00C04F79EFBC}") = "Solve Task", "Solve Task\Solve Task.csproj", "{CB4990DA-CF46-4F93-A1B3-4EAC4CD9980B}"
EndProject
Global
	GlobalSection(SolutionConfigurationPlatforms) = preSolution
		Debug|Any CPU = Debug|Any CPU
		Release|Any CPU = Release|Any CPU
	EndGlobalSection
	GlobalSection(ProjectConfigurationPlatforms) = postSolution
		{6251E049-3EF6-4EE4-B6D6-2A0A451482A3}.Debug|Any CPU.ActiveCfg = Debug|Any CPU
		{6251E049-3EF6-4EE4-B6D6-2A0A451482A3}.Debug|Any CPU.Build.0 = Debug|Any CPU
		{6251E049-3EF6-4EE4-B6D6-2A0A451482A3}.Release|Any CPU.ActiveCfg = Release|Any CPU
		{6251E049-3EF6-4EE4-B6D6-2A0A451482A3}.Release|Any CPU.Build.0 = Release|Any CPU
		{CB4990DA-CF46-4F93-A1B3-4EAC4CD9980B}.Debug|Any CPU.ActiveCfg = Debug|Any CPU
		{CB4990DA-CF46-4F93-A1B3-4EAC4CD9980B}.Debug|Any CPU.Build.0 = Debug|Any CPU
		{CB4990DA-CF46-4F93-A1B3-4EAC4CD9980B}.Release|Any CPU.ActiveCfg = Release|Any CPU
		{CB4990DA-CF46-4F93-A1B3-4EAC4CD9980B}.Release|Any CPU.Build.0 = Release|Any CPU
	EndGlobalSection
	GlobalSection(SolutionProperties) = preSolution
		HideSolutionNode = FALSE
	EndGlobalSection
	GlobalSection(ExtensibilityGlobals) = postSolution
		SolutionGuid = {70E7F6ED-D465-49F6-B858-79E53534F349}
	EndGlobalSection
EndGlobal
