
Microsoft Visual Studio Solution File, Format Version 12.00
# Visual Studio Version 17
VisualStudioVersion = 17.13.35818.85 d17.13
MinimumVisualStudioVersion = 10.0.40219.1
Project("{FAE04EC0-301F-11D3-BF4B-00C04F79EFBC}") = "Demo 05", "Demo 05\Demo 05.csproj", "{19EABE50-FDF8-42A3-80BD-F51EC9F3B766}"
EndProject
Project("{FAE04EC0-301F-11D3-BF4B-00C04F79EFBC}") = "Solve Task 03", "Solve Task 03\Solve Task 03.csproj", "{05C4296B-885C-4EC9-BE27-204046A91650}"
EndProject
Global
	GlobalSection(SolutionConfigurationPlatforms) = preSolution
		Debug|Any CPU = Debug|Any CPU
		Release|Any CPU = Release|Any CPU
	EndGlobalSection
	GlobalSection(ProjectConfigurationPlatforms) = postSolution
		{19EABE50-FDF8-42A3-80BD-F51EC9F3B766}.Debug|Any CPU.ActiveCfg = Debug|Any CPU
		{19EABE50-FDF8-42A3-80BD-F51EC9F3B766}.Debug|Any CPU.Build.0 = Debug|Any CPU
		{19EABE50-FDF8-42A3-80BD-F51EC9F3B766}.Release|Any CPU.ActiveCfg = Release|Any CPU
		{19EABE50-FDF8-42A3-80BD-F51EC9F3B766}.Release|Any CPU.Build.0 = Release|Any CPU
		{05C4296B-885C-4EC9-BE27-204046A91650}.Debug|Any CPU.ActiveCfg = Debug|Any CPU
		{05C4296B-885C-4EC9-BE27-204046A91650}.Debug|Any CPU.Build.0 = Debug|Any CPU
		{05C4296B-885C-4EC9-BE27-204046A91650}.Release|Any CPU.ActiveCfg = Release|Any CPU
		{05C4296B-885C-4EC9-BE27-204046A91650}.Release|Any CPU.Build.0 = Release|Any CPU
	EndGlobalSection
	GlobalSection(SolutionProperties) = preSolution
		HideSolutionNode = FALSE
	EndGlobalSection
	GlobalSection(ExtensibilityGlobals) = postSolution
		SolutionGuid = {E293A89C-4BD8-4C8B-B8EB-0A36FF06061E}
	EndGlobalSection
EndGlobal
