
Microsoft Visual Studio Solution File, Format Version 12.00
# Visual Studio Version 17
VisualStudioVersion = 17.13.35818.85
MinimumVisualStudioVersion = 10.0.40219.1
Project("{FAE04EC0-301F-11D3-BF4B-00C04F79EFBC}") = "Demo 02", "Demo 02\Demo 02.csproj", "{9824235F-5B4E-4423-862C-8422A3BADE61}"
EndProject
Project("{FAE04EC0-301F-11D3-BF4B-00C04F79EFBC}") = "Solve Task", "Solve Task\Solve Task.csproj", "{2F1366F8-3DA8-42A9-8CC3-061DAA309D3B}"
EndProject
Global
	GlobalSection(SolutionConfigurationPlatforms) = preSolution
		Debug|Any CPU = Debug|Any CPU
		Release|Any CPU = Release|Any CPU
	EndGlobalSection
	GlobalSection(ProjectConfigurationPlatforms) = postSolution
		{9824235F-5B4E-4423-862C-8422A3BADE61}.Debug|Any CPU.ActiveCfg = Debug|Any CPU
		{9824235F-5B4E-4423-862C-8422A3BADE61}.Debug|Any CPU.Build.0 = Debug|Any CPU
		{9824235F-5B4E-4423-862C-8422A3BADE61}.Release|Any CPU.ActiveCfg = Release|Any CPU
		{9824235F-5B4E-4423-862C-8422A3BADE61}.Release|Any CPU.Build.0 = Release|Any CPU
		{2F1366F8-3DA8-42A9-8CC3-061DAA309D3B}.Debug|Any CPU.ActiveCfg = Debug|Any CPU
		{2F1366F8-3DA8-42A9-8CC3-061DAA309D3B}.Debug|Any CPU.Build.0 = Debug|Any CPU
		{2F1366F8-3DA8-42A9-8CC3-061DAA309D3B}.Release|Any CPU.ActiveCfg = Release|Any CPU
		{2F1366F8-3DA8-42A9-8CC3-061DAA309D3B}.Release|Any CPU.Build.0 = Release|Any CPU
	EndGlobalSection
	GlobalSection(SolutionProperties) = preSolution
		HideSolutionNode = FALSE
	EndGlobalSection
	GlobalSection(ExtensibilityGlobals) = postSolution
		SolutionGuid = {E890A02A-FA7D-4456-AE1E-48E4CB163CD9}
	EndGlobalSection
EndGlobal
