
Microsoft Visual Studio Solution File, Format Version 12.00
# Visual Studio Version 17
VisualStudioVersion = 17.13.35818.85 d17.13
MinimumVisualStudioVersion = 10.0.40219.1
Project("{FAE04EC0-301F-11D3-BF4B-00C04F79EFBC}") = "Demo 04", "Demo 04\Demo 04.csproj", "{27B1B936-75C8-4CBA-AAD9-59F76A5C9ECB}"
EndProject
Global
	GlobalSection(SolutionConfigurationPlatforms) = preSolution
		Debug|Any CPU = Debug|Any CPU
		Release|Any CPU = Release|Any CPU
	EndGlobalSection
	GlobalSection(ProjectConfigurationPlatforms) = postSolution
		{27B1B936-75C8-4CBA-AAD9-59F76A5C9ECB}.Debug|Any CPU.ActiveCfg = Debug|Any CPU
		{27B1B936-75C8-4CBA-AAD9-59F76A5C9ECB}.Debug|Any CPU.Build.0 = Debug|Any CPU
		{27B1B936-75C8-4CBA-AAD9-59F76A5C9ECB}.Release|Any CPU.ActiveCfg = Release|Any CPU
		{27B1B936-75C8-4CBA-AAD9-59F76A5C9ECB}.Release|Any CPU.Build.0 = Release|Any CPU
	EndGlobalSection
	GlobalSection(SolutionProperties) = preSolution
		HideSolutionNode = FALSE
	EndGlobalSection
	GlobalSection(ExtensibilityGlobals) = postSolution
		SolutionGuid = {800EEE1E-7AAD-45AC-8BED-1D2C3B7ED1DF}
	EndGlobalSection
EndGlobal
