
Microsoft Visual Studio Solution File, Format Version 12.00
# Visual Studio Version 17
VisualStudioVersion = 17.13.35818.85
MinimumVisualStudioVersion = 10.0.40219.1
Project("{FAE04EC0-301F-11D3-BF4B-00C04F79EFBC}") = "Session 01", "Session 01\Session 01.csproj", "{D04A99D5-43CF-4800-B376-F8CD6FB7B04F}"
EndProject
Project("{FAE04EC0-301F-11D3-BF4B-00C04F79EFBC}") = "Solve Task", "Solve Task\Solve Task.csproj", "{C2D883F4-4507-495E-A35B-341082A71E25}"
EndProject
Global
	GlobalSection(SolutionConfigurationPlatforms) = preSolution
		Debug|Any CPU = Debug|Any CPU
		Release|Any CPU = Release|Any CPU
	EndGlobalSection
	GlobalSection(ProjectConfigurationPlatforms) = postSolution
		{D04A99D5-43CF-4800-B376-F8CD6FB7B04F}.Debug|Any CPU.ActiveCfg = Debug|Any CPU
		{D04A99D5-43CF-4800-B376-F8CD6FB7B04F}.Debug|Any CPU.Build.0 = Debug|Any CPU
		{D04A99D5-43CF-4800-B376-F8CD6FB7B04F}.Release|Any CPU.ActiveCfg = Release|Any CPU
		{D04A99D5-43CF-4800-B376-F8CD6FB7B04F}.Release|Any CPU.Build.0 = Release|Any CPU
		{C2D883F4-4507-495E-A35B-341082A71E25}.Debug|Any CPU.ActiveCfg = Debug|Any CPU
		{C2D883F4-4507-495E-A35B-341082A71E25}.Debug|Any CPU.Build.0 = Debug|Any CPU
		{C2D883F4-4507-495E-A35B-341082A71E25}.Release|Any CPU.ActiveCfg = Release|Any CPU
		{C2D883F4-4507-495E-A35B-341082A71E25}.Release|Any CPU.Build.0 = Release|Any CPU
	EndGlobalSection
	GlobalSection(SolutionProperties) = preSolution
		HideSolutionNode = FALSE
	EndGlobalSection
	GlobalSection(ExtensibilityGlobals) = postSolution
		SolutionGuid = {2CF717CF-CC9B-40AA-BE83-4FDC91F98468}
	EndGlobalSection
EndGlobal
